
Microsoft Visual Studio Solution File, Format Version 12.00
# Visual Studio Version 17
VisualStudioVersion = 17.5.002.0
MinimumVisualStudioVersion = 10.0.40219.1
Project("{2150E333-8FDC-42A3-9474-1A3956D46DE8}") = "csharp-prep", "csharp-prep", "{C6A30766-31EA-4D01-BCCD-9109414F75AD}"
EndProject
Project("{9A19103F-16F7-4668-BE54-9A1E7A4F7556}") = "Prep1", "csharp-prep\Prep1\Prep1.csproj", "{78C0F3EC-1CD8-445E-B638-6AFA0CCFAB5B}"
EndProject
Project("{9A19103F-16F7-4668-BE54-9A1E7A4F7556}") = "Prep2", "csharp-prep\Prep2\Prep2.csproj", "{677D8969-CF8D-4112-8B52-2154251731E4}"
EndProject
Project("{9A19103F-16F7-4668-BE54-9A1E7A4F7556}") = "Prep3", "csharp-prep\Prep3\Prep3.csproj", "{2F9B1DAC-1363-4426-A97C-415FF4832CDC}"
EndProject
Project("{9A19103F-16F7-4668-BE54-9A1E7A4F7556}") = "Prep4", "csharp-prep\Prep4\Prep4.csproj", "{B7360E65-EF1F-4B11-958B-1F9ABA88D981}"
EndProject
Project("{9A19103F-16F7-4668-BE54-9A1E7A4F7556}") = "Prep5", "csharp-prep\Prep5\Prep5.csproj", "{F4573817-4D34-45B6-8FD2-5A9686013744}"
EndProject
Project("{2150E333-8FDC-42A3-9474-1A3956D46DE8}") = "final", "final", "{A16C71FC-9AA1-484C-865B-E65314C00392}"
EndProject
Project("{9A19103F-16F7-4668-BE54-9A1E7A4F7556}") = "FinalProject", "final\FinalProject\FinalProject.csproj", "{D6A4A6E6-81EC-4D3F-BB7F-848C3298DF1C}"
EndProject
Project("{9A19103F-16F7-4668-BE54-9A1E7A4F7556}") = "Foundation1", "final\Foundation1\Foundation1.csproj", "{E8287E1C-217C-4C3D-8214-385275F071C5}"
EndProject
Project("{9A19103F-16F7-4668-BE54-9A1E7A4F7556}") = "Foundation2", "final\Foundation2\Foundation2.csproj", "{7E82EE37-1E21-46E1-99E7-1138B430A0D1}"
EndProject
Project("{9A19103F-16F7-4668-BE54-9A1E7A4F7556}") = "Foundation3", "final\Foundation3\Foundation3.csproj", "{DEA906B9-B0D7-4989-8032-224DB8174EC7}"
EndProject
Project("{9A19103F-16F7-4668-BE54-9A1E7A4F7556}") = "Foundation4", "final\Foundation4\Foundation4.csproj", "{D3D71EDB-19BA-448A-90BE-72318880A050}"
EndProject
Project("{2150E333-8FDC-42A3-9474-1A3956D46DE8}") = "prepare", "prepare", "{3CC4D4C6-3281-4F11-B482-2A1DC3187B9F}"
EndProject
Project("{9A19103F-16F7-4668-BE54-9A1E7A4F7556}") = "Learning02", "prepare\Learning02\Learning02.csproj", "{C0E5F146-3662-420C-8EA7-34EC784629AD}"
EndProject
Project("{9A19103F-16F7-4668-BE54-9A1E7A4F7556}") = "Learning03", "prepare\Learning03\Learning03.csproj", "{584FF041-B764-4210-A87D-5D0C5A4BE95C}"
EndProject
Project("{9A19103F-16F7-4668-BE54-9A1E7A4F7556}") = "Learning04", "prepare\Learning04\Learning04.csproj", "{A9ED60BF-502C-4D9A-9DC7-1CE1CBD6053B}"
EndProject
Project("{9A19103F-16F7-4668-BE54-9A1E7A4F7556}") = "Learning05", "prepare\Learning05\Learning05.csproj", "{5EEE106D-F794-4191-8CBB-58C1284210B5}"
EndProject
Project("{2150E333-8FDC-42A3-9474-1A3956D46DE8}") = "prove", "prove", "{2D6BD2BF-063E-4EEB-9D37-8E2A94C399E6}"
EndProject
Project("{9A19103F-16F7-4668-BE54-9A1E7A4F7556}") = "Develop02", "prove\Develop02\Develop02.csproj", "{46DEECE0-5BEC-4221-972D-1468A9F20843}"
EndProject
Project("{9A19103F-16F7-4668-BE54-9A1E7A4F7556}") = "Develop03", "prove\Develop03\Develop03.csproj", "{E5CCA9F6-82EE-4276-9692-F256FD9F40F4}"
EndProject
Project("{9A19103F-16F7-4668-BE54-9A1E7A4F7556}") = "Develop04", "prove\Develop04\Develop04.csproj", "{18F7859B-20A4-4945-915F-B885E03CD93C}"
EndProject
Project("{9A19103F-16F7-4668-BE54-9A1E7A4F7556}") = "Develop05", "prove\Develop05\Develop05.csproj", "{AF0360B9-A51E-476A-9B59-2FDCF4570A05}"
EndProject
Project("{2150E333-8FDC-42A3-9474-1A3956D46DE8}") = "sandbox", "sandbox", "{14F4970C-324E-40C0-8414-F620CE36FDAB}"
EndProject
Project("{9A19103F-16F7-4668-BE54-9A1E7A4F7556}") = "Sandbox", "sandbox\Sandbox\Sandbox.csproj", "{F8BF839F-C09A-4DBB-AE29-B00C15CF2890}"
EndProject
Global
	GlobalSection(SolutionConfigurationPlatforms) = preSolution
		Debug|Any CPU = Debug|Any CPU
		Release|Any CPU = Release|Any CPU
	EndGlobalSection
	GlobalSection(ProjectConfigurationPlatforms) = postSolution
		{78C0F3EC-1CD8-445E-B638-6AFA0CCFAB5B}.Debug|Any CPU.ActiveCfg = Debug|Any CPU
		{78C0F3EC-1CD8-445E-B638-6AFA0CCFAB5B}.Debug|Any CPU.Build.0 = Debug|Any CPU
		{78C0F3EC-1CD8-445E-B638-6AFA0CCFAB5B}.Release|Any CPU.ActiveCfg = Release|Any CPU
		{78C0F3EC-1CD8-445E-B638-6AFA0CCFAB5B}.Release|Any CPU.Build.0 = Release|Any CPU
		{677D8969-CF8D-4112-8B52-2154251731E4}.Debug|Any CPU.ActiveCfg = Debug|Any CPU
		{677D8969-CF8D-4112-8B52-2154251731E4}.Debug|Any CPU.Build.0 = Debug|Any CPU
		{677D8969-CF8D-4112-8B52-2154251731E4}.Release|Any CPU.ActiveCfg = Release|Any CPU
		{677D8969-CF8D-4112-8B52-2154251731E4}.Release|Any CPU.Build.0 = Release|Any CPU
		{2F9B1DAC-1363-4426-A97C-415FF4832CDC}.Debug|Any CPU.ActiveCfg = Debug|Any CPU
		{2F9B1DAC-1363-4426-A97C-415FF4832CDC}.Debug|Any CPU.Build.0 = Debug|Any CPU
		{2F9B1DAC-1363-4426-A97C-415FF4832CDC}.Release|Any CPU.ActiveCfg = Release|Any CPU
		{2F9B1DAC-1363-4426-A97C-415FF4832CDC}.Release|Any CPU.Build.0 = Release|Any CPU
		{B7360E65-EF1F-4B11-958B-1F9ABA88D981}.Debug|Any CPU.ActiveCfg = Debug|Any CPU
		{B7360E65-EF1F-4B11-958B-1F9ABA88D981}.Debug|Any CPU.Build.0 = Debug|Any CPU
		{B7360E65-EF1F-4B11-958B-1F9ABA88D981}.Release|Any CPU.ActiveCfg = Release|Any CPU
		{B7360E65-EF1F-4B11-958B-1F9ABA88D981}.Release|Any CPU.Build.0 = Release|Any CPU
		{F4573817-4D34-45B6-8FD2-5A9686013744}.Debug|Any CPU.ActiveCfg = Debug|Any CPU
		{F4573817-4D34-45B6-8FD2-5A9686013744}.Debug|Any CPU.Build.0 = Debug|Any CPU
		{F4573817-4D34-45B6-8FD2-5A9686013744}.Release|Any CPU.ActiveCfg = Release|Any CPU
		{F4573817-4D34-45B6-8FD2-5A9686013744}.Release|Any CPU.Build.0 = Release|Any CPU
		{D6A4A6E6-81EC-4D3F-BB7F-848C3298DF1C}.Debug|Any CPU.ActiveCfg = Debug|Any CPU
		{D6A4A6E6-81EC-4D3F-BB7F-848C3298DF1C}.Debug|Any CPU.Build.0 = Debug|Any CPU
		{D6A4A6E6-81EC-4D3F-BB7F-848C3298DF1C}.Release|Any CPU.ActiveCfg = Release|Any CPU
		{D6A4A6E6-81EC-4D3F-BB7F-848C3298DF1C}.Release|Any CPU.Build.0 = Release|Any CPU
		{E8287E1C-217C-4C3D-8214-385275F071C5}.Debug|Any CPU.ActiveCfg = Debug|Any CPU
		{E8287E1C-217C-4C3D-8214-385275F071C5}.Debug|Any CPU.Build.0 = Debug|Any CPU
		{E8287E1C-217C-4C3D-8214-385275F071C5}.Release|Any CPU.ActiveCfg = Release|Any CPU
		{E8287E1C-217C-4C3D-8214-385275F071C5}.Release|Any CPU.Build.0 = Release|Any CPU
		{7E82EE37-1E21-46E1-99E7-1138B430A0D1}.Debug|Any CPU.ActiveCfg = Debug|Any CPU
		{7E82EE37-1E21-46E1-99E7-1138B430A0D1}.Debug|Any CPU.Build.0 = Debug|Any CPU
		{7E82EE37-1E21-46E1-99E7-1138B430A0D1}.Release|Any CPU.ActiveCfg = Release|Any CPU
		{7E82EE37-1E21-46E1-99E7-1138B430A0D1}.Release|Any CPU.Build.0 = Release|Any CPU
		{DEA906B9-B0D7-4989-8032-224DB8174EC7}.Debug|Any CPU.ActiveCfg = Debug|Any CPU
		{DEA906B9-B0D7-4989-8032-224DB8174EC7}.Debug|Any CPU.Build.0 = Debug|Any CPU
		{DEA906B9-B0D7-4989-8032-224DB8174EC7}.Release|Any CPU.ActiveCfg = Release|Any CPU
		{DEA906B9-B0D7-4989-8032-224DB8174EC7}.Release|Any CPU.Build.0 = Release|Any CPU
		{D3D71EDB-19BA-448A-90BE-72318880A050}.Debug|Any CPU.ActiveCfg = Debug|Any CPU
		{D3D71EDB-19BA-448A-90BE-72318880A050}.Debug|Any CPU.Build.0 = Debug|Any CPU
		{D3D71EDB-19BA-448A-90BE-72318880A050}.Release|Any CPU.ActiveCfg = Release|Any CPU
		{D3D71EDB-19BA-448A-90BE-72318880A050}.Release|Any CPU.Build.0 = Release|Any CPU
		{C0E5F146-3662-420C-8EA7-34EC784629AD}.Debug|Any CPU.ActiveCfg = Debug|Any CPU
		{C0E5F146-3662-420C-8EA7-34EC784629AD}.Debug|Any CPU.Build.0 = Debug|Any CPU
		{C0E5F146-3662-420C-8EA7-34EC784629AD}.Release|Any CPU.ActiveCfg = Release|Any CPU
		{C0E5F146-3662-420C-8EA7-34EC784629AD}.Release|Any CPU.Build.0 = Release|Any CPU
		{584FF041-B764-4210-A87D-5D0C5A4BE95C}.Debug|Any CPU.ActiveCfg = Debug|Any CPU
		{584FF041-B764-4210-A87D-5D0C5A4BE95C}.Debug|Any CPU.Build.0 = Debug|Any CPU
		{584FF041-B764-4210-A87D-5D0C5A4BE95C}.Release|Any CPU.ActiveCfg = Release|Any CPU
		{584FF041-B764-4210-A87D-5D0C5A4BE95C}.Release|Any CPU.Build.0 = Release|Any CPU
		{A9ED60BF-502C-4D9A-9DC7-1CE1CBD6053B}.Debug|Any CPU.ActiveCfg = Debug|Any CPU
		{A9ED60BF-502C-4D9A-9DC7-1CE1CBD6053B}.Debug|Any CPU.Build.0 = Debug|Any CPU
		{A9ED60BF-502C-4D9A-9DC7-1CE1CBD6053B}.Release|Any CPU.ActiveCfg = Release|Any CPU
		{A9ED60BF-502C-4D9A-9DC7-1CE1CBD6053B}.Release|Any CPU.Build.0 = Release|Any CPU
		{5EEE106D-F794-4191-8CBB-58C1284210B5}.Debug|Any CPU.ActiveCfg = Debug|Any CPU
		{5EEE106D-F794-4191-8CBB-58C1284210B5}.Debug|Any CPU.Build.0 = Debug|Any CPU
		{5EEE106D-F794-4191-8CBB-58C1284210B5}.Release|Any CPU.ActiveCfg = Release|Any CPU
		{5EEE106D-F794-4191-8CBB-58C1284210B5}.Release|Any CPU.Build.0 = Release|Any CPU
		{46DEECE0-5BEC-4221-972D-1468A9F20843}.Debug|Any CPU.ActiveCfg = Debug|Any CPU
		{46DEECE0-5BEC-4221-972D-1468A9F20843}.Debug|Any CPU.Build.0 = Debug|Any CPU
		{46DEECE0-5BEC-4221-972D-1468A9F20843}.Release|Any CPU.ActiveCfg = Release|Any CPU
		{46DEECE0-5BEC-4221-972D-1468A9F20843}.Release|Any CPU.Build.0 = Release|Any CPU
		{E5CCA9F6-82EE-4276-9692-F256FD9F40F4}.Debug|Any CPU.ActiveCfg = Debug|Any CPU
		{E5CCA9F6-82EE-4276-9692-F256FD9F40F4}.Debug|Any CPU.Build.0 = Debug|Any CPU
		{E5CCA9F6-82EE-4276-9692-F256FD9F40F4}.Release|Any CPU.ActiveCfg = Release|Any CPU
		{E5CCA9F6-82EE-4276-9692-F256FD9F40F4}.Release|Any CPU.Build.0 = Release|Any CPU
		{18F7859B-20A4-4945-915F-B885E03CD93C}.Debug|Any CPU.ActiveCfg = Debug|Any CPU
		{18F7859B-20A4-4945-915F-B885E03CD93C}.Debug|Any CPU.Build.0 = Debug|Any CPU
		{18F7859B-20A4-4945-915F-B885E03CD93C}.Release|Any CPU.ActiveCfg = Release|Any CPU
		{18F7859B-20A4-4945-915F-B885E03CD93C}.Release|Any CPU.Build.0 = Release|Any CPU
		{AF0360B9-A51E-476A-9B59-2FDCF4570A05}.Debug|Any CPU.ActiveCfg = Debug|Any CPU
		{AF0360B9-A51E-476A-9B59-2FDCF4570A05}.Debug|Any CPU.Build.0 = Debug|Any CPU
		{AF0360B9-A51E-476A-9B59-2FDCF4570A05}.Release|Any CPU.ActiveCfg = Release|Any CPU
		{AF0360B9-A51E-476A-9B59-2FDCF4570A05}.Release|Any CPU.Build.0 = Release|Any CPU
		{F8BF839F-C09A-4DBB-AE29-B00C15CF2890}.Debug|Any CPU.ActiveCfg = Debug|Any CPU
		{F8BF839F-C09A-4DBB-AE29-B00C15CF2890}.Debug|Any CPU.Build.0 = Debug|Any CPU
		{F8BF839F-C09A-4DBB-AE29-B00C15CF2890}.Release|Any CPU.ActiveCfg = Release|Any CPU
		{F8BF839F-C09A-4DBB-AE29-B00C15CF2890}.Release|Any CPU.Build.0 = Release|Any CPU
	EndGlobalSection
	GlobalSection(SolutionProperties) = preSolution
		HideSolutionNode = FALSE
	EndGlobalSection
	GlobalSection(NestedProjects) = preSolution
		{78C0F3EC-1CD8-445E-B638-6AFA0CCFAB5B} = {C6A30766-31EA-4D01-BCCD-9109414F75AD}
		{677D8969-CF8D-4112-8B52-2154251731E4} = {C6A30766-31EA-4D01-BCCD-9109414F75AD}
		{2F9B1DAC-1363-4426-A97C-415FF4832CDC} = {C6A30766-31EA-4D01-BCCD-9109414F75AD}
		{B7360E65-EF1F-4B11-958B-1F9ABA88D981} = {C6A30766-31EA-4D01-BCCD-9109414F75AD}
		{F4573817-4D34-45B6-8FD2-5A9686013744} = {C6A30766-31EA-4D01-BCCD-9109414F75AD}
		{D6A4A6E6-81EC-4D3F-BB7F-848C3298DF1C} = {A16C71FC-9AA1-484C-865B-E65314C00392}
		{E8287E1C-217C-4C3D-8214-385275F071C5} = {A16C71FC-9AA1-484C-865B-E65314C00392}
		{7E82EE37-1E21-46E1-99E7-1138B430A0D1} = {A16C71FC-9AA1-484C-865B-E65314C00392}
		{DEA906B9-B0D7-4989-8032-224DB8174EC7} = {A16C71FC-9AA1-484C-865B-E65314C00392}
		{D3D71EDB-19BA-448A-90BE-72318880A050} = {A16C71FC-9AA1-484C-865B-E65314C00392}
		{C0E5F146-3662-420C-8EA7-34EC784629AD} = {3CC4D4C6-3281-4F11-B482-2A1DC3187B9F}
		{584FF041-B764-4210-A87D-5D0C5A4BE95C} = {3CC4D4C6-3281-4F11-B482-2A1DC3187B9F}
		{A9ED60BF-502C-4D9A-9DC7-1CE1CBD6053B} = {3CC4D4C6-3281-4F11-B482-2A1DC3187B9F}
		{5EEE106D-F794-4191-8CBB-58C1284210B5} = {3CC4D4C6-3281-4F11-B482-2A1DC3187B9F}
		{46DEECE0-5BEC-4221-972D-1468A9F20843} = {2D6BD2BF-063E-4EEB-9D37-8E2A94C399E6}
		{E5CCA9F6-82EE-4276-9692-F256FD9F40F4} = {2D6BD2BF-063E-4EEB-9D37-8E2A94C399E6}
		{18F7859B-20A4-4945-915F-B885E03CD93C} = {2D6BD2BF-063E-4EEB-9D37-8E2A94C399E6}
		{AF0360B9-A51E-476A-9B59-2FDCF4570A05} = {2D6BD2BF-063E-4EEB-9D37-8E2A94C399E6}
		{F8BF839F-C09A-4DBB-AE29-B00C15CF2890} = {14F4970C-324E-40C0-8414-F620CE36FDAB}
	EndGlobalSection
	GlobalSection(ExtensibilityGlobals) = postSolution
		SolutionGuid = {9845CB48-6D08-48A1-ADBF-0E480B3D2DC0}
	EndGlobalSection
EndGlobal
